
Microsoft Visual Studio Solution File, Format Version 12.00
# Visual Studio Version 17
VisualStudioVersion = 17.13.35818.85
MinimumVisualStudioVersion = 10.0.40219.1
Project("{FAE04EC0-301F-11D3-BF4B-00C04F79EFBC}") = "Client", "Client\Client.csproj", "{2BC13DA6-B4D5-4A7F-9C0C-D6398A01D465}"
EndProject
Project("{FAE04EC0-301F-11D3-BF4B-00C04F79EFBC}") = "Server", "Server\Server.csproj", "{B2CBFFE4-084B-4DB9-AE24-88815FBE3FE6}"
EndProject
Global
	GlobalSection(SolutionConfigurationPlatforms) = preSolution
		Debug|Any CPU = Debug|Any CPU
		Release|Any CPU = Release|Any CPU
	EndGlobalSection
	GlobalSection(ProjectConfigurationPlatforms) = postSolution
		{2BC13DA6-B4D5-4A7F-9C0C-D6398A01D465}.Debug|Any CPU.ActiveCfg = Debug|Any CPU
		{2BC13DA6-B4D5-4A7F-9C0C-D6398A01D465}.Debug|Any CPU.Build.0 = Debug|Any CPU
		{2BC13DA6-B4D5-4A7F-9C0C-D6398A01D465}.Release|Any CPU.ActiveCfg = Release|Any CPU
		{2BC13DA6-B4D5-4A7F-9C0C-D6398A01D465}.Release|Any CPU.Build.0 = Release|Any CPU
		{B2CBFFE4-084B-4DB9-AE24-88815FBE3FE6}.Debug|Any CPU.ActiveCfg = Debug|Any CPU
		{B2CBFFE4-084B-4DB9-AE24-88815FBE3FE6}.Debug|Any CPU.Build.0 = Debug|Any CPU
		{B2CBFFE4-084B-4DB9-AE24-88815FBE3FE6}.Release|Any CPU.ActiveCfg = Release|Any CPU
		{B2CBFFE4-084B-4DB9-AE24-88815FBE3FE6}.Release|Any CPU.Build.0 = Release|Any CPU
	EndGlobalSection
	GlobalSection(SolutionProperties) = preSolution
		HideSolutionNode = FALSE
	EndGlobalSection
	GlobalSection(ExtensibilityGlobals) = postSolution
		SolutionGuid = {E3DED560-AD9A-49D2-8DD2-947D79B9724F}
	EndGlobalSection
EndGlobal
